
Microsoft Visual Studio Solution File, Format Version 12.00
# Visual Studio Version 16
VisualStudioVersion = 16.0.30128.74
MinimumVisualStudioVersion = 10.0.40219.1
Project("{FAE04EC0-301F-11D3-BF4B-00C04F79EFBC}") = "enpra05_b", "enpra05_b\enpra05_b.csproj", "{EFBC2C75-819F-43D8-BD13-68F68AA71050}"
EndProject
Global
	GlobalSection(SolutionConfigurationPlatforms) = preSolution
		Debug|Any CPU = Debug|Any CPU
		Release|Any CPU = Release|Any CPU
	EndGlobalSection
	GlobalSection(ProjectConfigurationPlatforms) = postSolution
		{EFBC2C75-819F-43D8-BD13-68F68AA71050}.Debug|Any CPU.ActiveCfg = Debug|Any CPU
		{EFBC2C75-819F-43D8-BD13-68F68AA71050}.Debug|Any CPU.Build.0 = Debug|Any CPU
		{EFBC2C75-819F-43D8-BD13-68F68AA71050}.Release|Any CPU.ActiveCfg = Release|Any CPU
		{EFBC2C75-819F-43D8-BD13-68F68AA71050}.Release|Any CPU.Build.0 = Release|Any CPU
	EndGlobalSection
	GlobalSection(SolutionProperties) = preSolution
		HideSolutionNode = FALSE
	EndGlobalSection
	GlobalSection(ExtensibilityGlobals) = postSolution
		SolutionGuid = {C252C794-3814-4665-8784-55656F61C9CF}
	EndGlobalSection
EndGlobal
